
Microsoft Visual Studio Solution File, Format Version 12.00
# Visual Studio 2015
Project("{FAE04EC0-301F-11D3-BF4B-00C04F79EFBC}") = "Solar Legends.CSharp", "Solar Legends.CSharp.csproj", "{67DD3796-B3AF-BA9E-F2FB-8B16544281D2}"
EndProject
Project("{FAE04EC0-301F-11D3-BF4B-00C04F79EFBC}") = "Solar Legends.CSharp.Editor", "Solar Legends.CSharp.Editor.csproj", "{DECA3A6F-B75A-133A-34E7-1147911B3E96}"
EndProject
Global
	GlobalSection(SolutionConfigurationPlatforms) = preSolution
		Debug|Any CPU = Debug|Any CPU
		Release|Any CPU = Release|Any CPU
	EndGlobalSection
	GlobalSection(ProjectConfigurationPlatforms) = postSolution
		{67DD3796-B3AF-BA9E-F2FB-8B16544281D2}.Debug|Any CPU.ActiveCfg = Debug|Any CPU
		{67DD3796-B3AF-BA9E-F2FB-8B16544281D2}.Debug|Any CPU.Build.0 = Debug|Any CPU
		{67DD3796-B3AF-BA9E-F2FB-8B16544281D2}.Release|Any CPU.ActiveCfg = Release|Any CPU
		{67DD3796-B3AF-BA9E-F2FB-8B16544281D2}.Release|Any CPU.Build.0 = Release|Any CPU
		{DECA3A6F-B75A-133A-34E7-1147911B3E96}.Debug|Any CPU.ActiveCfg = Debug|Any CPU
		{DECA3A6F-B75A-133A-34E7-1147911B3E96}.Debug|Any CPU.Build.0 = Debug|Any CPU
		{DECA3A6F-B75A-133A-34E7-1147911B3E96}.Release|Any CPU.ActiveCfg = Release|Any CPU
		{DECA3A6F-B75A-133A-34E7-1147911B3E96}.Release|Any CPU.Build.0 = Release|Any CPU
	EndGlobalSection
	GlobalSection(SolutionProperties) = preSolution
		HideSolutionNode = FALSE
	EndGlobalSection
EndGlobal
