
Microsoft Visual Studio Solution File, Format Version 12.00
# Visual Studio 2015
Project("{FAE04EC0-301F-11D3-BF4B-00C04F79EFBC}") = "Solar Destiny.CSharp.Plugins", "Solar Destiny.CSharp.Plugins.csproj", "{96CC5D43-9295-A2B8-1C93-E1EA18CB1737}"
EndProject
Project("{FAE04EC0-301F-11D3-BF4B-00C04F79EFBC}") = "Solar Destiny.CSharp.Editor", "Solar Destiny.CSharp.Editor.csproj", "{8B9E75FF-E18F-11F7-7AE0-02B050E79E30}"
EndProject
Global
	GlobalSection(SolutionConfigurationPlatforms) = preSolution
		Debug|Any CPU = Debug|Any CPU
		Release|Any CPU = Release|Any CPU
	EndGlobalSection
	GlobalSection(ProjectConfigurationPlatforms) = postSolution
		{96CC5D43-9295-A2B8-1C93-E1EA18CB1737}.Debug|Any CPU.ActiveCfg = Debug|Any CPU
		{96CC5D43-9295-A2B8-1C93-E1EA18CB1737}.Debug|Any CPU.Build.0 = Debug|Any CPU
		{96CC5D43-9295-A2B8-1C93-E1EA18CB1737}.Release|Any CPU.ActiveCfg = Release|Any CPU
		{96CC5D43-9295-A2B8-1C93-E1EA18CB1737}.Release|Any CPU.Build.0 = Release|Any CPU
		{8B9E75FF-E18F-11F7-7AE0-02B050E79E30}.Debug|Any CPU.ActiveCfg = Debug|Any CPU
		{8B9E75FF-E18F-11F7-7AE0-02B050E79E30}.Debug|Any CPU.Build.0 = Debug|Any CPU
		{8B9E75FF-E18F-11F7-7AE0-02B050E79E30}.Release|Any CPU.ActiveCfg = Release|Any CPU
		{8B9E75FF-E18F-11F7-7AE0-02B050E79E30}.Release|Any CPU.Build.0 = Release|Any CPU
	EndGlobalSection
	GlobalSection(SolutionProperties) = preSolution
		HideSolutionNode = FALSE
	EndGlobalSection
EndGlobal
