
Microsoft Visual Studio Solution File, Format Version 12.00
# Visual Studio 2015
Project("{FAE04EC0-301F-11D3-BF4B-00C04F79EFBC}") = "Solar-Legends-master.CSharp", "Solar-Legends-master.CSharp.csproj", "{8FA149F6-B15D-2E89-0EA3-86C6E684A54F}"
EndProject
Project("{FAE04EC0-301F-11D3-BF4B-00C04F79EFBC}") = "Solar-Legends-master.CSharp.Editor", "Solar-Legends-master.CSharp.Editor.csproj", "{38933F99-9549-9BA2-8724-291EC84D711D}"
EndProject
Global
	GlobalSection(SolutionConfigurationPlatforms) = preSolution
		Debug|Any CPU = Debug|Any CPU
		Release|Any CPU = Release|Any CPU
	EndGlobalSection
	GlobalSection(ProjectConfigurationPlatforms) = postSolution
		{8FA149F6-B15D-2E89-0EA3-86C6E684A54F}.Debug|Any CPU.ActiveCfg = Debug|Any CPU
		{8FA149F6-B15D-2E89-0EA3-86C6E684A54F}.Debug|Any CPU.Build.0 = Debug|Any CPU
		{8FA149F6-B15D-2E89-0EA3-86C6E684A54F}.Release|Any CPU.ActiveCfg = Release|Any CPU
		{8FA149F6-B15D-2E89-0EA3-86C6E684A54F}.Release|Any CPU.Build.0 = Release|Any CPU
		{38933F99-9549-9BA2-8724-291EC84D711D}.Debug|Any CPU.ActiveCfg = Debug|Any CPU
		{38933F99-9549-9BA2-8724-291EC84D711D}.Debug|Any CPU.Build.0 = Debug|Any CPU
		{38933F99-9549-9BA2-8724-291EC84D711D}.Release|Any CPU.ActiveCfg = Release|Any CPU
		{38933F99-9549-9BA2-8724-291EC84D711D}.Release|Any CPU.Build.0 = Release|Any CPU
	EndGlobalSection
	GlobalSection(SolutionProperties) = preSolution
		HideSolutionNode = FALSE
	EndGlobalSection
EndGlobal
